
Microsoft Visual Studio Solution File, Format Version 12.00
# Visual Studio Version 17
VisualStudioVersion = 17.2.32602.215
MinimumVisualStudioVersion = 10.0.40219.1
Project("{FAE04EC0-301F-11D3-BF4B-00C04F79EFBC}") = "login1", "login1\login1.csproj", "{A2C6297B-F3D5-454F-B824-A4BE77196311}"
EndProject
Global
	GlobalSection(SolutionConfigurationPlatforms) = preSolution
		Debug|Any CPU = Debug|Any CPU
		Release|Any CPU = Release|Any CPU
	EndGlobalSection
	GlobalSection(ProjectConfigurationPlatforms) = postSolution
		{A2C6297B-F3D5-454F-B824-A4BE77196311}.Debug|Any CPU.ActiveCfg = Debug|Any CPU
		{A2C6297B-F3D5-454F-B824-A4BE77196311}.Debug|Any CPU.Build.0 = Debug|Any CPU
		{A2C6297B-F3D5-454F-B824-A4BE77196311}.Release|Any CPU.ActiveCfg = Release|Any CPU
		{A2C6297B-F3D5-454F-B824-A4BE77196311}.Release|Any CPU.Build.0 = Release|Any CPU
	EndGlobalSection
	GlobalSection(SolutionProperties) = preSolution
		HideSolutionNode = FALSE
	EndGlobalSection
	GlobalSection(ExtensibilityGlobals) = postSolution
		SolutionGuid = {E8376D13-EB7C-4ED8-BDF0-551869EAD2BC}
	EndGlobalSection
EndGlobal
